{
    "_readme": [
        "This file locks the dependencies of your project to a known state",
        "Read more about it at http://getcomposer.org/doc/01-basic-usage.md#composer-lock-the-lock-file"
    ],
    "hash": "4cc11a584fc6ac97f9425e78d376632f",
    "packages": [
        {
            "name": "composer/installers",
            "version": "v1.0.8",
            "source": {
                "type": "git",
                "url": "https://github.com/composer/installers.git",
                "reference": "c87cfc35882eb50df3eef1734bfa52fbcd6c782c"
            },
            "dist": {
                "type": "zip",
                "url": "https://api.github.com/repos/composer/installers/zipball/c87cfc35882eb50df3eef1734bfa52fbcd6c782c",
                "reference": "c87cfc35882eb50df3eef1734bfa52fbcd6c782c",
                "shasum": ""
            },
            "replace": {
                "shama/baton": "*"
            },
            "require-dev": {
                "composer/composer": "1.0.*@dev",
                "phpunit/phpunit": "3.7.*"
            },
            "type": "composer-installer",
            "extra": {
                "class": "Composer\\Installers\\Installer",
                "branch-alias": {
                    "dev-master": "1.0-dev"
                }
            },
            "autoload": {
                "psr-0": {
                    "Composer\\Installers\\": "src/"
                }
            },
            "notification-url": "https://packagist.org/downloads/",
            "license": [
                "MIT"
            ],
            "authors": [
                {
                    "name": "Kyle Robinson Young",
                    "email": "kyle@dontkry.com",
                    "homepage": "http://dontkry.com",
                    "role": "Developer"
                }
            ],
            "description": "A multi-framework Composer library installer",
            "homepage": "http://composer.github.com/installers/",
            "keywords": [
                "TYPO3 CMS",
                "TYPO3 Flow",
                "TYPO3 Neos",
                "agl",
                "cakephp",
                "codeigniter",
                "concrete5",
                "drupal",
                "elgg",
                "fuelphp",
                "installer",
                "joomla",
                "kohana",
                "laravel",
                "li3",
                "lithium",
                "mako",
                "modulework",
                "phpbb",
                "ppi",
                "silverstripe",
                "symfony",
                "wordpress",
                "zend"
            ],
            "time": "2013-12-24 18:04:46"
        },
        {
            "name": "fg/essence",
            "version": "dev-master",
            "source": {
                "type": "git",
                "url": "https://github.com/felixgirault/essence.git",
                "reference": "0657cb6ff6d85be9a4684f47302941ee723a46db"
            },
            "dist": {
                "type": "zip",
                "url": "https://api.github.com/repos/felixgirault/essence/zipball/0657cb6ff6d85be9a4684f47302941ee723a46db",
                "reference": "0657cb6ff6d85be9a4684f47302941ee723a46db",
                "shasum": ""
            },
            "require": {
                "ext-curl": "*",
                "php": ">=5.4.0"
            },
            "type": "library",
            "autoload": {
                "files": [
                    "lib/bootstrap.php"
                ]
            },
            "notification-url": "https://packagist.org/downloads/",
            "license": [
                "BSD-2-Clause"
            ],
            "authors": [
                {
                    "name": "Félix Girault",
                    "email": "felix.girault@gmail.com",
                    "homepage": "http://www.felix-girault.fr",
                    "role": "Developer"
                }
            ],
            "description": "Extracts informations about medias on the web, like youtube videos, twitter statuses or blog articles.",
            "homepage": "http://github.com/felixgirault/essence",
            "keywords": [
                "embed",
                "media",
                "oembed",
                "opengraph"
            ],
            "time": "2013-12-30 16:26:39"
        },
        {
            "name": "fg/essence-interfaces",
            "version": "dev-master",
            "source": {
                "type": "git",
                "url": "https://github.com/felixgirault/essence-interfaces.git",
                "reference": "69bcee7483fd017ce2237b3d1fb7024dcfb4d43a"
            },
            "dist": {
                "type": "zip",
                "url": "https://api.github.com/repos/felixgirault/essence-interfaces/zipball/69bcee7483fd017ce2237b3d1fb7024dcfb4d43a",
                "reference": "69bcee7483fd017ce2237b3d1fb7024dcfb4d43a",
                "shasum": ""
            },
            "require": {
                "php": ">=5.4.0"
            },
            "type": "library",
            "autoload": {
                "psr-0": {
                    "Essence": "lib/"
                }
            },
            "notification-url": "https://packagist.org/downloads/",
            "authors": [
                {
                    "name": "Félix Girault",
                    "email": "felix.girault@gmail.com",
                    "homepage": "http://www.felix-girault.fr",
                    "role": "Developer"
                }
            ],
            "description": "Provides interfaces to use external libraries with Essence.",
            "homepage": "http://github.com/felixgirault/essence-interfaces",
            "keywords": [
                "essence"
            ],
            "time": "2013-08-04 18:11:22"
        }
    ],
    "packages-dev": [

    ],
    "aliases": [

    ],
    "minimum-stability": "stable",
    "stability-flags": {
        "fg/essence": 20,
        "fg/essence-interfaces": 20
    },
    "platform": {
        "php": ">=5.3.0"
    },
    "platform-dev": [

    ]
}
